// !$*UTF8*$!
{
	archiveVersion = 1;
	classes = {
	};
	objectVersion = 46;
	objects = {

/* Begin PBXBuildFile section */
		3F11198F1AB029BF00FF1FC6 /* AboutHomeVC.m in Sources */ = {isa = PBXBuildFile; fileRef = 3F11198E1AB029BF00FF1FC6 /* AboutHomeVC.m */; };
		3F1119911AB02C9C00FF1FC6 /* about.jpg in Resources */ = {isa = PBXBuildFile; fileRef = 3F1119901AB02C9C00FF1FC6 /* about.jpg */; };
		812FFDC81AA9C9420001373A /* main.m in Sources */ = {isa = PBXBuildFile; fileRef = 812FFDC71AA9C9420001373A /* main.m */; };
		812FFDCB1AA9C9420001373A /* AppDelegate.m in Sources */ = {isa = PBXBuildFile; fileRef = 812FFDCA1AA9C9420001373A /* AppDelegate.m */; };
		812FFDCE1AA9C9420001373A /* ViewController.m in Sources */ = {isa = PBXBuildFile; fileRef = 812FFDCD1AA9C9420001373A /* ViewController.m */; };
		812FFDD11AA9C9420001373A /* Main.storyboard in Resources */ = {isa = PBXBuildFile; fileRef = 812FFDCF1AA9C9420001373A /* Main.storyboard */; };
		812FFDD31AA9C9420001373A /* Images.xcassets in Resources */ = {isa = PBXBuildFile; fileRef = 812FFDD21AA9C9420001373A /* Images.xcassets */; };
		812FFDD61AA9C9420001373A /* LaunchScreen.xib in Resources */ = {isa = PBXBuildFile; fileRef = 812FFDD41AA9C9420001373A /* LaunchScreen.xib */; };
		812FFDE21AA9C9420001373A /* advappfinalTests.m in Sources */ = {isa = PBXBuildFile; fileRef = 812FFDE11AA9C9420001373A /* advappfinalTests.m */; };
		812FFDFF1AA9C9EF0001373A /* AFHTTPRequestOperation.m in Sources */ = {isa = PBXBuildFile; fileRef = 812FFDED1AA9C9EF0001373A /* AFHTTPRequestOperation.m */; };
		812FFE001AA9C9EF0001373A /* AFHTTPRequestOperationManager.m in Sources */ = {isa = PBXBuildFile; fileRef = 812FFDEF1AA9C9EF0001373A /* AFHTTPRequestOperationManager.m */; };
		812FFE011AA9C9EF0001373A /* AFHTTPSessionManager.m in Sources */ = {isa = PBXBuildFile; fileRef = 812FFDF11AA9C9EF0001373A /* AFHTTPSessionManager.m */; };
		812FFE021AA9C9EF0001373A /* AFNetworkReachabilityManager.m in Sources */ = {isa = PBXBuildFile; fileRef = 812FFDF41AA9C9EF0001373A /* AFNetworkReachabilityManager.m */; };
		812FFE031AA9C9EF0001373A /* AFSecurityPolicy.m in Sources */ = {isa = PBXBuildFile; fileRef = 812FFDF61AA9C9EF0001373A /* AFSecurityPolicy.m */; };
		812FFE041AA9C9EF0001373A /* AFURLConnectionOperation.m in Sources */ = {isa = PBXBuildFile; fileRef = 812FFDF81AA9C9EF0001373A /* AFURLConnectionOperation.m */; };
		812FFE051AA9C9EF0001373A /* AFURLRequestSerialization.m in Sources */ = {isa = PBXBuildFile; fileRef = 812FFDFA1AA9C9EF0001373A /* AFURLRequestSerialization.m */; };
		812FFE061AA9C9EF0001373A /* AFURLResponseSerialization.m in Sources */ = {isa = PBXBuildFile; fileRef = 812FFDFC1AA9C9EF0001373A /* AFURLResponseSerialization.m */; };
		812FFE071AA9C9EF0001373A /* AFURLSessionManager.m in Sources */ = {isa = PBXBuildFile; fileRef = 812FFDFE1AA9C9EF0001373A /* AFURLSessionManager.m */; };
		812FFE0A1AA9CCFE0001373A /* AboutMeVC.m in Sources */ = {isa = PBXBuildFile; fileRef = 812FFE091AA9CCFE0001373A /* AboutMeVC.m */; };
		812FFE101AA9D18A0001373A /* APPGTool.m in Sources */ = {isa = PBXBuildFile; fileRef = 812FFE0F1AA9D18A0001373A /* APPGTool.m */; };
		812FFE181AA9DF230001373A /* 0_home1.json in Resources */ = {isa = PBXBuildFile; fileRef = 812FFE131AA9DF230001373A /* 0_home1.json */; };
		812FFE191AA9DF230001373A /* 1_about1.json in Resources */ = {isa = PBXBuildFile; fileRef = 812FFE141AA9DF230001373A /* 1_about1.json */; };
		812FFE1A1AA9DF230001373A /* 2_news1.json in Resources */ = {isa = PBXBuildFile; fileRef = 812FFE151AA9DF230001373A /* 2_news1.json */; };
		812FFE1B1AA9DF230001373A /* 3_product1.json in Resources */ = {isa = PBXBuildFile; fileRef = 812FFE161AA9DF230001373A /* 3_product1.json */; };
		812FFE1C1AA9DF230001373A /* 4_order1.json in Resources */ = {isa = PBXBuildFile; fileRef = 812FFE171AA9DF230001373A /* 4_order1.json */; };
		812FFE241AA9E5F10001373A /* TEDVC1.m in Sources */ = {isa = PBXBuildFile; fileRef = 812FFE231AA9E5F10001373A /* TEDVC1.m */; };
		816490241AAF1A1800F8DD6B /* AttenteVC.m in Sources */ = {isa = PBXBuildFile; fileRef = 816490231AAF1A1800F8DD6B /* AttenteVC.m */; };
		81A252C51AB1BA7500F9E5F2 /* app-icon-01.png in Resources */ = {isa = PBXBuildFile; fileRef = 81A252C31AB1BA7500F9E5F2 /* app-icon-01.png */; };
		81A252C61AB1BA7500F9E5F2 /* app-icon-01.psd in Resources */ = {isa = PBXBuildFile; fileRef = 81A252C41AB1BA7500F9E5F2 /* app-icon-01.psd */; };
		81A252C81AB1BE8B00F9E5F2 /* 水缸豆花02.jpg in Resources */ = {isa = PBXBuildFile; fileRef = 81A252C71AB1BE8B00F9E5F2 /* 水缸豆花02.jpg */; };
		81CFB8771AAF1399000A9C7F /* JukunProducts.m in Sources */ = {isa = PBXBuildFile; fileRef = 81CFB8761AAF1399000A9C7F /* JukunProducts.m */; };
		9BBC13031AB1C19D00B42C5D /* ZuProduct.m in Sources */ = {isa = PBXBuildFile; fileRef = 9BBC13021AB1C19D00B42C5D /* ZuProduct.m */; };
		9BBC133A1AB2E21E00B42C5D /* 大豆.png in Resources */ = {isa = PBXBuildFile; fileRef = 9BBC13291AB2E21E00B42C5D /* 大豆.png */; };
		9BBC133B1AB2E21E00B42C5D /* 大豆豆花.png in Resources */ = {isa = PBXBuildFile; fileRef = 9BBC132A1AB2E21E00B42C5D /* 大豆豆花.png */; };
		9BBC133C1AB2E21E00B42C5D /* 豆花.png in Resources */ = {isa = PBXBuildFile; fileRef = 9BBC132B1AB2E21E00B42C5D /* 豆花.png */; };
		9BBC133D1AB2E21E00B42C5D /* 豆漿.png in Resources */ = {isa = PBXBuildFile; fileRef = 9BBC132C1AB2E21E00B42C5D /* 豆漿.png */; };
		9BBC133E1AB2E21E00B42C5D /* 豆漿豆花.png in Resources */ = {isa = PBXBuildFile; fileRef = 9BBC132D1AB2E21E00B42C5D /* 豆漿豆花.png */; };
		9BBC133F1AB2E21E00B42C5D /* 波霸.png in Resources */ = {isa = PBXBuildFile; fileRef = 9BBC132E1AB2E21E00B42C5D /* 波霸.png */; };
		9BBC13401AB2E21E00B42C5D /* 波霸豆花.jpg in Resources */ = {isa = PBXBuildFile; fileRef = 9BBC132F1AB2E21E00B42C5D /* 波霸豆花.jpg */; };
		9BBC13411AB2E21E00B42C5D /* 波霸豆花.png in Resources */ = {isa = PBXBuildFile; fileRef = 9BBC13301AB2E21E00B42C5D /* 波霸豆花.png */; };
		9BBC13421AB2E21E00B42C5D /* 花生.png in Resources */ = {isa = PBXBuildFile; fileRef = 9BBC13311AB2E21E00B42C5D /* 花生.png */; };
		9BBC13431AB2E21E00B42C5D /* 花生豆花.png in Resources */ = {isa = PBXBuildFile; fileRef = 9BBC13321AB2E21E00B42C5D /* 花生豆花.png */; };
		9BBC13441AB2E21E00B42C5D /* 珍珠.png in Resources */ = {isa = PBXBuildFile; fileRef = 9BBC13331AB2E21E00B42C5D /* 珍珠.png */; };
		9BBC13451AB2E21E00B42C5D /* 珍珠豆花.png in Resources */ = {isa = PBXBuildFile; fileRef = 9BBC13341AB2E21E00B42C5D /* 珍珠豆花.png */; };
		9BBC13461AB2E21E00B42C5D /* 紅豆.png in Resources */ = {isa = PBXBuildFile; fileRef = 9BBC13351AB2E21E00B42C5D /* 紅豆.png */; };
		9BBC13481AB2E21E00B42C5D /* 綠豆.png in Resources */ = {isa = PBXBuildFile; fileRef = 9BBC13371AB2E21E00B42C5D /* 綠豆.png */; };
		9BBC13491AB2E21E00B42C5D /* 綠豆豆花.png in Resources */ = {isa = PBXBuildFile; fileRef = 9BBC13381AB2E21E00B42C5D /* 綠豆豆花.png */; };
		9BBC134A1AB2E21E00B42C5D /* 薏仁湯.png in Resources */ = {isa = PBXBuildFile; fileRef = 9BBC13391AB2E21E00B42C5D /* 薏仁湯.png */; };
		9BBC134C1AB3017A00B42C5D /* 紅豆豆花.png in Resources */ = {isa = PBXBuildFile; fileRef = 9BBC134B1AB3017A00B42C5D /* 紅豆豆花.png */; };
		9BBC134F1AB3056A00B42C5D /* zuProductDetail.m in Sources */ = {isa = PBXBuildFile; fileRef = 9BBC134E1AB3056A00B42C5D /* zuProductDetail.m */; };
		9FAA2FEE1AB1B8690017BC16 /* TEDVC2.m in Sources */ = {isa = PBXBuildFile; fileRef = 9FAA2FEC1AB1B8690017BC16 /* TEDVC2.m */; };
		9FAA2FEF1AB1B8690017BC16 /* TEDVC2.xib in Resources */ = {isa = PBXBuildFile; fileRef = 9FAA2FED1AB1B8690017BC16 /* TEDVC2.xib */; };
		D29F26FA1AB1BA8D004C8536 /* sky07290921VC.m in Sources */ = {isa = PBXBuildFile; fileRef = D29F26F91AB1BA8D004C8536 /* sky07290921VC.m */; };
		D29F27011AB1D879004C8536 /* TEDConfirmVC.m in Sources */ = {isa = PBXBuildFile; fileRef = D29F26FF1AB1D879004C8536 /* TEDConfirmVC.m */; };
		D29F27021AB1D879004C8536 /* TEDConfirmVC.xib in Resources */ = {isa = PBXBuildFile; fileRef = D29F27001AB1D879004C8536 /* TEDConfirmVC.xib */; };
		D29F27051AB1DA2B004C8536 /* DetailVC.m in Sources */ = {isa = PBXBuildFile; fileRef = D29F27041AB1DA2B004C8536 /* DetailVC.m */; };
/* End PBXBuildFile section */

/* Begin PBXContainerItemProxy section */
		812FFDDC1AA9C9420001373A /* PBXContainerItemProxy */ = {
			isa = PBXContainerItemProxy;
			containerPortal = 812FFDBA1AA9C9420001373A /* Project object */;
			proxyType = 1;
			remoteGlobalIDString = 812FFDC11AA9C9420001373A;
			remoteInfo = advappfinal;
		};
/* End PBXContainerItemProxy section */

/* Begin PBXFileReference section */
		3F11198D1AB029BF00FF1FC6 /* AboutHomeVC.h */ = {isa = PBXFileReference; fileEncoding = 4; lastKnownFileType = sourcecode.c.h; path = AboutHomeVC.h; sourceTree = "<group>"; };
		3F11198E1AB029BF00FF1FC6 /* AboutHomeVC.m */ = {isa = PBXFileReference; fileEncoding = 4; lastKnownFileType = sourcecode.c.objc; path = AboutHomeVC.m; sourceTree = "<group>"; };
		3F1119901AB02C9C00FF1FC6 /* about.jpg */ = {isa = PBXFileReference; lastKnownFileType = image.jpeg; path = about.jpg; sourceTree = "<group>"; };
		812FFDC21AA9C9420001373A /* advappfinal.app */ = {isa = PBXFileReference; explicitFileType = wrapper.application; includeInIndex = 0; path = advappfinal.app; sourceTree = BUILT_PRODUCTS_DIR; };
		812FFDC61AA9C9420001373A /* Info.plist */ = {isa = PBXFileReference; lastKnownFileType = text.plist.xml; path = Info.plist; sourceTree = "<group>"; };
		812FFDC71AA9C9420001373A /* main.m */ = {isa = PBXFileReference; lastKnownFileType = sourcecode.c.objc; path = main.m; sourceTree = "<group>"; };
		812FFDC91AA9C9420001373A /* AppDelegate.h */ = {isa = PBXFileReference; lastKnownFileType = sourcecode.c.h; path = AppDelegate.h; sourceTree = "<group>"; };
		812FFDCA1AA9C9420001373A /* AppDelegate.m */ = {isa = PBXFileReference; lastKnownFileType = sourcecode.c.objc; path = AppDelegate.m; sourceTree = "<group>"; };
		812FFDCC1AA9C9420001373A /* ViewController.h */ = {isa = PBXFileReference; lastKnownFileType = sourcecode.c.h; path = ViewController.h; sourceTree = "<group>"; };
		812FFDCD1AA9C9420001373A /* ViewController.m */ = {isa = PBXFileReference; lastKnownFileType = sourcecode.c.objc; path = ViewController.m; sourceTree = "<group>"; };
		812FFDD01AA9C9420001373A /* Base */ = {isa = PBXFileReference; lastKnownFileType = file.storyboard; name = Base; path = Base.lproj/Main.storyboard; sourceTree = "<group>"; };
		812FFDD21AA9C9420001373A /* Images.xcassets */ = {isa = PBXFileReference; lastKnownFileType = folder.assetcatalog; path = Images.xcassets; sourceTree = "<group>"; };
		812FFDD51AA9C9420001373A /* Base */ = {isa = PBXFileReference; lastKnownFileType = file.xib; name = Base; path = Base.lproj/LaunchScreen.xib; sourceTree = "<group>"; };
		812FFDDB1AA9C9420001373A /* advappfinalTests.xctest */ = {isa = PBXFileReference; explicitFileType = wrapper.cfbundle; includeInIndex = 0; path = advappfinalTests.xctest; sourceTree = BUILT_PRODUCTS_DIR; };
		812FFDE01AA9C9420001373A /* Info.plist */ = {isa = PBXFileReference; lastKnownFileType = text.plist.xml; path = Info.plist; sourceTree = "<group>"; };
		812FFDE11AA9C9420001373A /* advappfinalTests.m */ = {isa = PBXFileReference; lastKnownFileType = sourcecode.c.objc; path = advappfinalTests.m; sourceTree = "<group>"; };
		812FFDEC1AA9C9EF0001373A /* AFHTTPRequestOperation.h */ = {isa = PBXFileReference; fileEncoding = 4; lastKnownFileType = sourcecode.c.h; path = AFHTTPRequestOperation.h; sourceTree = "<group>"; };
		812FFDED1AA9C9EF0001373A /* AFHTTPRequestOperation.m */ = {isa = PBXFileReference; fileEncoding = 4; lastKnownFileType = sourcecode.c.objc; path = AFHTTPRequestOperation.m; sourceTree = "<group>"; };
		812FFDEE1AA9C9EF0001373A /* AFHTTPRequestOperationManager.h */ = {isa = PBXFileReference; fileEncoding = 4; lastKnownFileType = sourcecode.c.h; path = AFHTTPRequestOperationManager.h; sourceTree = "<group>"; };
		812FFDEF1AA9C9EF0001373A /* AFHTTPRequestOperationManager.m */ = {isa = PBXFileReference; fileEncoding = 4; lastKnownFileType = sourcecode.c.objc; path = AFHTTPRequestOperationManager.m; sourceTree = "<group>"; };
		812FFDF01AA9C9EF0001373A /* AFHTTPSessionManager.h */ = {isa = PBXFileReference; fileEncoding = 4; lastKnownFileType = sourcecode.c.h; path = AFHTTPSessionManager.h; sourceTree = "<group>"; };
		812FFDF11AA9C9EF0001373A /* AFHTTPSessionManager.m */ = {isa = PBXFileReference; fileEncoding = 4; lastKnownFileType = sourcecode.c.objc; path = AFHTTPSessionManager.m; sourceTree = "<group>"; };
		812FFDF21AA9C9EF0001373A /* AFNetworking.h */ = {isa = PBXFileReference; fileEncoding = 4; lastKnownFileType = sourcecode.c.h; path = AFNetworking.h; sourceTree = "<group>"; };
		812FFDF31AA9C9EF0001373A /* AFNetworkReachabilityManager.h */ = {isa = PBXFileReference; fileEncoding = 4; lastKnownFileType = sourcecode.c.h; path = AFNetworkReachabilityManager.h; sourceTree = "<group>"; };
		812FFDF41AA9C9EF0001373A /* AFNetworkReachabilityManager.m */ = {isa = PBXFileReference; fileEncoding = 4; lastKnownFileType = sourcecode.c.objc; path = AFNetworkReachabilityManager.m; sourceTree = "<group>"; };
		812FFDF51AA9C9EF0001373A /* AFSecurityPolicy.h */ = {isa = PBXFileReference; fileEncoding = 4; lastKnownFileType = sourcecode.c.h; path = AFSecurityPolicy.h; sourceTree = "<group>"; };
		812FFDF61AA9C9EF0001373A /* AFSecurityPolicy.m */ = {isa = PBXFileReference; fileEncoding = 4; lastKnownFileType = sourcecode.c.objc; path = AFSecurityPolicy.m; sourceTree = "<group>"; };
		812FFDF71AA9C9EF0001373A /* AFURLConnectionOperation.h */ = {isa = PBXFileReference; fileEncoding = 4; lastKnownFileType = sourcecode.c.h; path = AFURLConnectionOperation.h; sourceTree = "<group>"; };
		812FFDF81AA9C9EF0001373A /* AFURLConnectionOperation.m */ = {isa = PBXFileReference; fileEncoding = 4; lastKnownFileType = sourcecode.c.objc; path = AFURLConnectionOperation.m; sourceTree = "<group>"; };
		812FFDF91AA9C9EF0001373A /* AFURLRequestSerialization.h */ = {isa = PBXFileReference; fileEncoding = 4; lastKnownFileType = sourcecode.c.h; path = AFURLRequestSerialization.h; sourceTree = "<group>"; };
		812FFDFA1AA9C9EF0001373A /* AFURLRequestSerialization.m */ = {isa = PBXFileReference; fileEncoding = 4; lastKnownFileType = sourcecode.c.objc; path = AFURLRequestSerialization.m; sourceTree = "<group>"; };
		812FFDFB1AA9C9EF0001373A /* AFURLResponseSerialization.h */ = {isa = PBXFileReference; fileEncoding = 4; lastKnownFileType = sourcecode.c.h; path = AFURLResponseSerialization.h; sourceTree = "<group>"; };
		812FFDFC1AA9C9EF0001373A /* AFURLResponseSerialization.m */ = {isa = PBXFileReference; fileEncoding = 4; lastKnownFileType = sourcecode.c.objc; path = AFURLResponseSerialization.m; sourceTree = "<group>"; };
		812FFDFD1AA9C9EF0001373A /* AFURLSessionManager.h */ = {isa = PBXFileReference; fileEncoding = 4; lastKnownFileType = sourcecode.c.h; path = AFURLSessionManager.h; sourceTree = "<group>"; };
		812FFDFE1AA9C9EF0001373A /* AFURLSessionManager.m */ = {isa = PBXFileReference; fileEncoding = 4; lastKnownFileType = sourcecode.c.objc; path = AFURLSessionManager.m; sourceTree = "<group>"; };
		812FFE081AA9CCFE0001373A /* AboutMeVC.h */ = {isa = PBXFileReference; fileEncoding = 4; lastKnownFileType = sourcecode.c.h; path = AboutMeVC.h; sourceTree = "<group>"; };
		812FFE091AA9CCFE0001373A /* AboutMeVC.m */ = {isa = PBXFileReference; fileEncoding = 4; lastKnownFileType = sourcecode.c.objc; path = AboutMeVC.m; sourceTree = "<group>"; };
		812FFE0B1AA9CD890001373A /* APPGeneralHeader.h */ = {isa = PBXFileReference; lastKnownFileType = sourcecode.c.h; path = APPGeneralHeader.h; sourceTree = "<group>"; };
		812FFE0E1AA9D18A0001373A /* APPGTool.h */ = {isa = PBXFileReference; fileEncoding = 4; lastKnownFileType = sourcecode.c.h; path = APPGTool.h; sourceTree = "<group>"; };
		812FFE0F1AA9D18A0001373A /* APPGTool.m */ = {isa = PBXFileReference; fileEncoding = 4; lastKnownFileType = sourcecode.c.objc; path = APPGTool.m; sourceTree = "<group>"; };
		812FFE131AA9DF230001373A /* 0_home1.json */ = {isa = PBXFileReference; fileEncoding = 4; lastKnownFileType = text.json; path = 0_home1.json; sourceTree = "<group>"; };
		812FFE141AA9DF230001373A /* 1_about1.json */ = {isa = PBXFileReference; fileEncoding = 4; lastKnownFileType = text.json; path = 1_about1.json; sourceTree = "<group>"; };
		812FFE151AA9DF230001373A /* 2_news1.json */ = {isa = PBXFileReference; fileEncoding = 4; lastKnownFileType = text.json; path = 2_news1.json; sourceTree = "<group>"; };
		812FFE161AA9DF230001373A /* 3_product1.json */ = {isa = PBXFileReference; fileEncoding = 4; lastKnownFileType = text.json; path = 3_product1.json; sourceTree = "<group>"; };
		812FFE171AA9DF230001373A /* 4_order1.json */ = {isa = PBXFileReference; fileEncoding = 4; lastKnownFileType = text.json; path = 4_order1.json; sourceTree = "<group>"; };
		812FFE221AA9E5F10001373A /* TEDVC1.h */ = {isa = PBXFileReference; fileEncoding = 4; lastKnownFileType = sourcecode.c.h; path = TEDVC1.h; sourceTree = "<group>"; };
		812FFE231AA9E5F10001373A /* TEDVC1.m */ = {isa = PBXFileReference; fileEncoding = 4; lastKnownFileType = sourcecode.c.objc; path = TEDVC1.m; sourceTree = "<group>"; };
		816490221AAF1A1800F8DD6B /* AttenteVC.h */ = {isa = PBXFileReference; fileEncoding = 4; lastKnownFileType = sourcecode.c.h; path = AttenteVC.h; sourceTree = "<group>"; };
		816490231AAF1A1800F8DD6B /* AttenteVC.m */ = {isa = PBXFileReference; fileEncoding = 4; lastKnownFileType = sourcecode.c.objc; path = AttenteVC.m; sourceTree = "<group>"; };
		81A252C31AB1BA7500F9E5F2 /* app-icon-01.png */ = {isa = PBXFileReference; lastKnownFileType = image.png; path = "app-icon-01.png"; sourceTree = "<group>"; };
		81A252C41AB1BA7500F9E5F2 /* app-icon-01.psd */ = {isa = PBXFileReference; lastKnownFileType = file; path = "app-icon-01.psd"; sourceTree = "<group>"; };
		81A252C71AB1BE8B00F9E5F2 /* 水缸豆花02.jpg */ = {isa = PBXFileReference; lastKnownFileType = image.jpeg; path = "水缸豆花02.jpg"; sourceTree = "<group>"; };
		81CFB8751AAF1399000A9C7F /* JukunProducts.h */ = {isa = PBXFileReference; fileEncoding = 4; lastKnownFileType = sourcecode.c.h; path = JukunProducts.h; sourceTree = "<group>"; };
		81CFB8761AAF1399000A9C7F /* JukunProducts.m */ = {isa = PBXFileReference; fileEncoding = 4; lastKnownFileType = sourcecode.c.objc; path = JukunProducts.m; sourceTree = "<group>"; };
		9BBC13011AB1C19D00B42C5D /* ZuProduct.h */ = {isa = PBXFileReference; fileEncoding = 4; lastKnownFileType = sourcecode.c.h; path = ZuProduct.h; sourceTree = "<group>"; };
		9BBC13021AB1C19D00B42C5D /* ZuProduct.m */ = {isa = PBXFileReference; fileEncoding = 4; lastKnownFileType = sourcecode.c.objc; path = ZuProduct.m; sourceTree = "<group>"; };
		9BBC13291AB2E21E00B42C5D /* 大豆.png */ = {isa = PBXFileReference; lastKnownFileType = image.png; path = "大豆.png"; sourceTree = "<group>"; };
		9BBC132A1AB2E21E00B42C5D /* 大豆豆花.png */ = {isa = PBXFileReference; lastKnownFileType = image.png; path = "大豆豆花.png"; sourceTree = "<group>"; };
		9BBC132B1AB2E21E00B42C5D /* 豆花.png */ = {isa = PBXFileReference; lastKnownFileType = image.png; path = "豆花.png"; sourceTree = "<group>"; };
		9BBC132C1AB2E21E00B42C5D /* 豆漿.png */ = {isa = PBXFileReference; lastKnownFileType = image.png; path = "豆漿.png"; sourceTree = "<group>"; };
		9BBC132D1AB2E21E00B42C5D /* 豆漿豆花.png */ = {isa = PBXFileReference; lastKnownFileType = image.png; path = "豆漿豆花.png"; sourceTree = "<group>"; };
		9BBC132E1AB2E21E00B42C5D /* 波霸.png */ = {isa = PBXFileReference; lastKnownFileType = image.png; path = "波霸.png"; sourceTree = "<group>"; };
		9BBC132F1AB2E21E00B42C5D /* 波霸豆花.jpg */ = {isa = PBXFileReference; lastKnownFileType = image.jpeg; path = "波霸豆花.jpg"; sourceTree = "<group>"; };
		9BBC13301AB2E21E00B42C5D /* 波霸豆花.png */ = {isa = PBXFileReference; lastKnownFileType = image.png; path = "波霸豆花.png"; sourceTree = "<group>"; };
		9BBC13311AB2E21E00B42C5D /* 花生.png */ = {isa = PBXFileReference; lastKnownFileType = image.png; path = "花生.png"; sourceTree = "<group>"; };
		9BBC13321AB2E21E00B42C5D /* 花生豆花.png */ = {isa = PBXFileReference; lastKnownFileType = image.png; path = "花生豆花.png"; sourceTree = "<group>"; };
		9BBC13331AB2E21E00B42C5D /* 珍珠.png */ = {isa = PBXFileReference; lastKnownFileType = image.png; path = "珍珠.png"; sourceTree = "<group>"; };
		9BBC13341AB2E21E00B42C5D /* 珍珠豆花.png */ = {isa = PBXFileReference; lastKnownFileType = image.png; path = "珍珠豆花.png"; sourceTree = "<group>"; };
		9BBC13351AB2E21E00B42C5D /* 紅豆.png */ = {isa = PBXFileReference; lastKnownFileType = image.png; path = "紅豆.png"; sourceTree = "<group>"; };
		9BBC13371AB2E21E00B42C5D /* 綠豆.png */ = {isa = PBXFileReference; lastKnownFileType = image.png; path = "綠豆.png"; sourceTree = "<group>"; };
		9BBC13381AB2E21E00B42C5D /* 綠豆豆花.png */ = {isa = PBXFileReference; lastKnownFileType = image.png; path = "綠豆豆花.png"; sourceTree = "<group>"; };
		9BBC13391AB2E21E00B42C5D /* 薏仁湯.png */ = {isa = PBXFileReference; lastKnownFileType = image.png; path = "薏仁湯.png"; sourceTree = "<group>"; };
		9BBC134B1AB3017A00B42C5D /* 紅豆豆花.png */ = {isa = PBXFileReference; lastKnownFileType = image.png; path = "紅豆豆花.png"; sourceTree = "<group>"; };
		9BBC134D1AB3056A00B42C5D /* zuProductDetail.h */ = {isa = PBXFileReference; fileEncoding = 4; lastKnownFileType = sourcecode.c.h; path = zuProductDetail.h; sourceTree = "<group>"; };
		9BBC134E1AB3056A00B42C5D /* zuProductDetail.m */ = {isa = PBXFileReference; fileEncoding = 4; lastKnownFileType = sourcecode.c.objc; path = zuProductDetail.m; sourceTree = "<group>"; };
		9FAA2FEB1AB1B8690017BC16 /* TEDVC2.h */ = {isa = PBXFileReference; fileEncoding = 4; lastKnownFileType = sourcecode.c.h; path = TEDVC2.h; sourceTree = "<group>"; };
		9FAA2FEC1AB1B8690017BC16 /* TEDVC2.m */ = {isa = PBXFileReference; fileEncoding = 4; lastKnownFileType = sourcecode.c.objc; path = TEDVC2.m; sourceTree = "<group>"; };
		9FAA2FED1AB1B8690017BC16 /* TEDVC2.xib */ = {isa = PBXFileReference; fileEncoding = 4; lastKnownFileType = file.xib; path = TEDVC2.xib; sourceTree = "<group>"; };
		D29F26F81AB1BA8D004C8536 /* sky07290921VC.h */ = {isa = PBXFileReference; fileEncoding = 4; lastKnownFileType = sourcecode.c.h; path = sky07290921VC.h; sourceTree = SOURCE_ROOT; };
		D29F26F91AB1BA8D004C8536 /* sky07290921VC.m */ = {isa = PBXFileReference; fileEncoding = 4; lastKnownFileType = sourcecode.c.objc; path = sky07290921VC.m; sourceTree = SOURCE_ROOT; };
		D29F26FE1AB1D879004C8536 /* TEDConfirmVC.h */ = {isa = PBXFileReference; fileEncoding = 4; lastKnownFileType = sourcecode.c.h; path = TEDConfirmVC.h; sourceTree = "<group>"; };
		D29F26FF1AB1D879004C8536 /* TEDConfirmVC.m */ = {isa = PBXFileReference; fileEncoding = 4; lastKnownFileType = sourcecode.c.objc; path = TEDConfirmVC.m; sourceTree = "<group>"; };
		D29F27001AB1D879004C8536 /* TEDConfirmVC.xib */ = {isa = PBXFileReference; fileEncoding = 4; lastKnownFileType = file.xib; path = TEDConfirmVC.xib; sourceTree = "<group>"; };
		D29F27031AB1DA2B004C8536 /* DetailVC.h */ = {isa = PBXFileReference; fileEncoding = 4; lastKnownFileType = sourcecode.c.h; path = DetailVC.h; sourceTree = "<group>"; };
		D29F27041AB1DA2B004C8536 /* DetailVC.m */ = {isa = PBXFileReference; fileEncoding = 4; lastKnownFileType = sourcecode.c.objc; path = DetailVC.m; sourceTree = "<group>"; };
/* End PBXFileReference section */

/* Begin PBXFrameworksBuildPhase section */
		812FFDBF1AA9C9420001373A /* Frameworks */ = {
			isa = PBXFrameworksBuildPhase;
			buildActionMask = 2147483647;
			files = (
			);
			runOnlyForDeploymentPostprocessing = 0;
		};
		812FFDD81AA9C9420001373A /* Frameworks */ = {
			isa = PBXFrameworksBuildPhase;
			buildActionMask = 2147483647;
			files = (
			);
			runOnlyForDeploymentPostprocessing = 0;
		};
/* End PBXFrameworksBuildPhase section */

/* Begin PBXGroup section */
		3F11198C1AB0299F00FF1FC6 /* About */ = {
			isa = PBXGroup;
			children = (
				3F1119901AB02C9C00FF1FC6 /* about.jpg */,
				3F11198D1AB029BF00FF1FC6 /* AboutHomeVC.h */,
				3F11198E1AB029BF00FF1FC6 /* AboutHomeVC.m */,
			);
			path = About;
			sourceTree = "<group>";
		};
		812FFDB91AA9C9420001373A = {
			isa = PBXGroup;
			children = (
				812FFDC41AA9C9420001373A /* advappfinal */,
				812FFDDE1AA9C9420001373A /* advappfinalTests */,
				812FFDC31AA9C9420001373A /* Products */,
			);
			sourceTree = "<group>";
		};
		812FFDC31AA9C9420001373A /* Products */ = {
			isa = PBXGroup;
			children = (
				812FFDC21AA9C9420001373A /* advappfinal.app */,
				812FFDDB1AA9C9420001373A /* advappfinalTests.xctest */,
			);
			name = Products;
			sourceTree = "<group>";
		};
		812FFDC41AA9C9420001373A /* advappfinal */ = {
			isa = PBXGroup;
			children = (
				3F11198C1AB0299F00FF1FC6 /* About */,
				812FFE1D1AA9DF8A0001373A /* Home */,
				812FFE1E1AA9DF900001373A /* News */,
				812FFE211AA9DFAF0001373A /* Product */,
				812FFE201AA9DFAF0001373A /* Order */,
				812FFE0D1AA9CF320001373A /* localJsons */,
				812FFDC91AA9C9420001373A /* AppDelegate.h */,
				812FFDCA1AA9C9420001373A /* AppDelegate.m */,
				812FFDCC1AA9C9420001373A /* ViewController.h */,
				812FFDCD1AA9C9420001373A /* ViewController.m */,
				812FFDCF1AA9C9420001373A /* Main.storyboard */,
				812FFDD21AA9C9420001373A /* Images.xcassets */,
				812FFDD41AA9C9420001373A /* LaunchScreen.xib */,
				812FFDC51AA9C9420001373A /* Supporting Files */,
				812FFE081AA9CCFE0001373A /* AboutMeVC.h */,
				812FFE091AA9CCFE0001373A /* AboutMeVC.m */,
				812FFE0B1AA9CD890001373A /* APPGeneralHeader.h */,
				812FFE0E1AA9D18A0001373A /* APPGTool.h */,
				812FFE0F1AA9D18A0001373A /* APPGTool.m */,
			);
			path = advappfinal;
			sourceTree = "<group>";
		};
		812FFDC51AA9C9420001373A /* Supporting Files */ = {
			isa = PBXGroup;
			children = (
				812FFDEB1AA9C9EF0001373A /* AFNetworking */,
				812FFDC61AA9C9420001373A /* Info.plist */,
				812FFDC71AA9C9420001373A /* main.m */,
			);
			name = "Supporting Files";
			sourceTree = "<group>";
		};
		812FFDDE1AA9C9420001373A /* advappfinalTests */ = {
			isa = PBXGroup;
			children = (
				812FFDE11AA9C9420001373A /* advappfinalTests.m */,
				812FFDDF1AA9C9420001373A /* Supporting Files */,
			);
			path = advappfinalTests;
			sourceTree = "<group>";
		};
		812FFDDF1AA9C9420001373A /* Supporting Files */ = {
			isa = PBXGroup;
			children = (
				812FFDE01AA9C9420001373A /* Info.plist */,
			);
			name = "Supporting Files";
			sourceTree = "<group>";
		};
		812FFDEB1AA9C9EF0001373A /* AFNetworking */ = {
			isa = PBXGroup;
			children = (
				812FFDEC1AA9C9EF0001373A /* AFHTTPRequestOperation.h */,
				812FFDED1AA9C9EF0001373A /* AFHTTPRequestOperation.m */,
				812FFDEE1AA9C9EF0001373A /* AFHTTPRequestOperationManager.h */,
				812FFDEF1AA9C9EF0001373A /* AFHTTPRequestOperationManager.m */,
				812FFDF01AA9C9EF0001373A /* AFHTTPSessionManager.h */,
				812FFDF11AA9C9EF0001373A /* AFHTTPSessionManager.m */,
				812FFDF21AA9C9EF0001373A /* AFNetworking.h */,
				812FFDF31AA9C9EF0001373A /* AFNetworkReachabilityManager.h */,
				812FFDF41AA9C9EF0001373A /* AFNetworkReachabilityManager.m */,
				812FFDF51AA9C9EF0001373A /* AFSecurityPolicy.h */,
				812FFDF61AA9C9EF0001373A /* AFSecurityPolicy.m */,
				812FFDF71AA9C9EF0001373A /* AFURLConnectionOperation.h */,
				812FFDF81AA9C9EF0001373A /* AFURLConnectionOperation.m */,
				812FFDF91AA9C9EF0001373A /* AFURLRequestSerialization.h */,
				812FFDFA1AA9C9EF0001373A /* AFURLRequestSerialization.m */,
				812FFDFB1AA9C9EF0001373A /* AFURLResponseSerialization.h */,
				812FFDFC1AA9C9EF0001373A /* AFURLResponseSerialization.m */,
				812FFDFD1AA9C9EF0001373A /* AFURLSessionManager.h */,
				812FFDFE1AA9C9EF0001373A /* AFURLSessionManager.m */,
			);
			path = AFNetworking;
			sourceTree = "<group>";
		};
		812FFE0D1AA9CF320001373A /* localJsons */ = {
			isa = PBXGroup;
			children = (
				812FFE131AA9DF230001373A /* 0_home1.json */,
				812FFE141AA9DF230001373A /* 1_about1.json */,
				812FFE151AA9DF230001373A /* 2_news1.json */,
				812FFE161AA9DF230001373A /* 3_product1.json */,
				812FFE171AA9DF230001373A /* 4_order1.json */,
			);
			path = localJsons;
			sourceTree = "<group>";
		};
		812FFE1D1AA9DF8A0001373A /* Home */ = {
			isa = PBXGroup;
			children = (
				81A252C71AB1BE8B00F9E5F2 /* 水缸豆花02.jpg */,
				81A252C31AB1BA7500F9E5F2 /* app-icon-01.png */,
				81A252C41AB1BA7500F9E5F2 /* app-icon-01.psd */,
				812FFE221AA9E5F10001373A /* TEDVC1.h */,
				812FFE231AA9E5F10001373A /* TEDVC1.m */,
				9FAA2FEB1AB1B8690017BC16 /* TEDVC2.h */,
				9FAA2FEC1AB1B8690017BC16 /* TEDVC2.m */,
				9FAA2FED1AB1B8690017BC16 /* TEDVC2.xib */,
			);
			path = Home;
			sourceTree = "<group>";
		};
		812FFE1E1AA9DF900001373A /* News */ = {
			isa = PBXGroup;
			children = (
				D29F26F81AB1BA8D004C8536 /* sky07290921VC.h */,
				D29F26F91AB1BA8D004C8536 /* sky07290921VC.m */,
				D29F27031AB1DA2B004C8536 /* DetailVC.h */,
				D29F27041AB1DA2B004C8536 /* DetailVC.m */,
			);
			path = News;
			sourceTree = "<group>";
		};
		812FFE201AA9DFAF0001373A /* Order */ = {
			isa = PBXGroup;
			children = (
				D29F26FE1AB1D879004C8536 /* TEDConfirmVC.h */,
				D29F26FF1AB1D879004C8536 /* TEDConfirmVC.m */,
				D29F27001AB1D879004C8536 /* TEDConfirmVC.xib */,
				816490221AAF1A1800F8DD6B /* AttenteVC.h */,
				816490231AAF1A1800F8DD6B /* AttenteVC.m */,
				81CFB8751AAF1399000A9C7F /* JukunProducts.h */,
				81CFB8761AAF1399000A9C7F /* JukunProducts.m */,
			);
			path = Order;
			sourceTree = "<group>";
		};
		812FFE211AA9DFAF0001373A /* Product */ = {
			isa = PBXGroup;
			children = (
				9BBC13041AB2CC0300B42C5D /* Picture */,
				9BBC13011AB1C19D00B42C5D /* ZuProduct.h */,
				9BBC13021AB1C19D00B42C5D /* ZuProduct.m */,
				9BBC134D1AB3056A00B42C5D /* zuProductDetail.h */,
				9BBC134E1AB3056A00B42C5D /* zuProductDetail.m */,
			);
			path = Product;
			sourceTree = "<group>";
		};
		9BBC13041AB2CC0300B42C5D /* Picture */ = {
			isa = PBXGroup;
			children = (
				9BBC13291AB2E21E00B42C5D /* 大豆.png */,
				9BBC132A1AB2E21E00B42C5D /* 大豆豆花.png */,
				9BBC132B1AB2E21E00B42C5D /* 豆花.png */,
				9BBC132C1AB2E21E00B42C5D /* 豆漿.png */,
				9BBC132D1AB2E21E00B42C5D /* 豆漿豆花.png */,
				9BBC132E1AB2E21E00B42C5D /* 波霸.png */,
				9BBC132F1AB2E21E00B42C5D /* 波霸豆花.jpg */,
				9BBC13301AB2E21E00B42C5D /* 波霸豆花.png */,
				9BBC13311AB2E21E00B42C5D /* 花生.png */,
				9BBC13321AB2E21E00B42C5D /* 花生豆花.png */,
				9BBC134B1AB3017A00B42C5D /* 紅豆豆花.png */,
				9BBC13331AB2E21E00B42C5D /* 珍珠.png */,
				9BBC13341AB2E21E00B42C5D /* 珍珠豆花.png */,
				9BBC13351AB2E21E00B42C5D /* 紅豆.png */,
				9BBC13371AB2E21E00B42C5D /* 綠豆.png */,
				9BBC13381AB2E21E00B42C5D /* 綠豆豆花.png */,
				9BBC13391AB2E21E00B42C5D /* 薏仁湯.png */,
			);
			name = Picture;
			sourceTree = "<group>";
		};
/* End PBXGroup section */

/* Begin PBXNativeTarget section */
		812FFDC11AA9C9420001373A /* advappfinal */ = {
			isa = PBXNativeTarget;
			buildConfigurationList = 812FFDE51AA9C9420001373A /* Build configuration list for PBXNativeTarget "advappfinal" */;
			buildPhases = (
				812FFDBE1AA9C9420001373A /* Sources */,
				812FFDBF1AA9C9420001373A /* Frameworks */,
				812FFDC01AA9C9420001373A /* Resources */,
			);
			buildRules = (
			);
			dependencies = (
			);
			name = advappfinal;
			productName = advappfinal;
			productReference = 812FFDC21AA9C9420001373A /* advappfinal.app */;
			productType = "com.apple.product-type.application";
		};
		812FFDDA1AA9C9420001373A /* advappfinalTests */ = {
			isa = PBXNativeTarget;
			buildConfigurationList = 812FFDE81AA9C9420001373A /* Build configuration list for PBXNativeTarget "advappfinalTests" */;
			buildPhases = (
				812FFDD71AA9C9420001373A /* Sources */,
				812FFDD81AA9C9420001373A /* Frameworks */,
				812FFDD91AA9C9420001373A /* Resources */,
			);
			buildRules = (
			);
			dependencies = (
				812FFDDD1AA9C9420001373A /* PBXTargetDependency */,
			);
			name = advappfinalTests;
			productName = advappfinalTests;
			productReference = 812FFDDB1AA9C9420001373A /* advappfinalTests.xctest */;
			productType = "com.apple.product-type.bundle.unit-test";
		};
/* End PBXNativeTarget section */

/* Begin PBXProject section */
		812FFDBA1AA9C9420001373A /* Project object */ = {
			isa = PBXProject;
			attributes = {
				LastUpgradeCheck = 0610;
				ORGANIZATIONNAME = liangjason;
				TargetAttributes = {
					812FFDC11AA9C9420001373A = {
						CreatedOnToolsVersion = 6.1.1;
						DevelopmentTeam = RYFYSD45N2;
					};
					812FFDDA1AA9C9420001373A = {
						CreatedOnToolsVersion = 6.1.1;
						TestTargetID = 812FFDC11AA9C9420001373A;
					};
				};
			};
			buildConfigurationList = 812FFDBD1AA9C9420001373A /* Build configuration list for PBXProject "advappfinal" */;
			compatibilityVersion = "Xcode 3.2";
			developmentRegion = English;
			hasScannedForEncodings = 0;
			knownRegions = (
				en,
				Base,
			);
			mainGroup = 812FFDB91AA9C9420001373A;
			productRefGroup = 812FFDC31AA9C9420001373A /* Products */;
			projectDirPath = "";
			projectRoot = "";
			targets = (
				812FFDC11AA9C9420001373A /* advappfinal */,
				812FFDDA1AA9C9420001373A /* advappfinalTests */,
			);
		};
/* End PBXProject section */

/* Begin PBXResourcesBuildPhase section */
		812FFDC01AA9C9420001373A /* Resources */ = {
			isa = PBXResourcesBuildPhase;
			buildActionMask = 2147483647;
			files = (
				9BBC13441AB2E21E00B42C5D /* 珍珠.png in Resources */,
				9BBC13401AB2E21E00B42C5D /* 波霸豆花.jpg in Resources */,
				9BBC133A1AB2E21E00B42C5D /* 大豆.png in Resources */,
				9BBC133E1AB2E21E00B42C5D /* 豆漿豆花.png in Resources */,
				812FFDD11AA9C9420001373A /* Main.storyboard in Resources */,
				812FFE1A1AA9DF230001373A /* 2_news1.json in Resources */,
				9BBC13421AB2E21E00B42C5D /* 花生.png in Resources */,
				3F1119911AB02C9C00FF1FC6 /* about.jpg in Resources */,
				9BBC134A1AB2E21E00B42C5D /* 薏仁湯.png in Resources */,
				9BBC134C1AB3017A00B42C5D /* 紅豆豆花.png in Resources */,
				9BBC133D1AB2E21E00B42C5D /* 豆漿.png in Resources */,
				81A252C51AB1BA7500F9E5F2 /* app-icon-01.png in Resources */,
				9BBC13491AB2E21E00B42C5D /* 綠豆豆花.png in Resources */,
				9BBC133C1AB2E21E00B42C5D /* 豆花.png in Resources */,
				9BBC13451AB2E21E00B42C5D /* 珍珠豆花.png in Resources */,
				9BBC13431AB2E21E00B42C5D /* 花生豆花.png in Resources */,
				9FAA2FEF1AB1B8690017BC16 /* TEDVC2.xib in Resources */,
				81A252C61AB1BA7500F9E5F2 /* app-icon-01.psd in Resources */,
				812FFE1B1AA9DF230001373A /* 3_product1.json in Resources */,
				D29F27021AB1D879004C8536 /* TEDConfirmVC.xib in Resources */,
				812FFE181AA9DF230001373A /* 0_home1.json in Resources */,
				81A252C81AB1BE8B00F9E5F2 /* 水缸豆花02.jpg in Resources */,
				812FFDD61AA9C9420001373A /* LaunchScreen.xib in Resources */,
				9BBC133F1AB2E21E00B42C5D /* 波霸.png in Resources */,
				9BBC13481AB2E21E00B42C5D /* 綠豆.png in Resources */,
				812FFE1C1AA9DF230001373A /* 4_order1.json in Resources */,
				812FFDD31AA9C9420001373A /* Images.xcassets in Resources */,
				9BBC13461AB2E21E00B42C5D /* 紅豆.png in Resources */,
				812FFE191AA9DF230001373A /* 1_about1.json in Resources */,
				9BBC13411AB2E21E00B42C5D /* 波霸豆花.png in Resources */,
				9BBC133B1AB2E21E00B42C5D /* 大豆豆花.png in Resources */,
			);
			runOnlyForDeploymentPostprocessing = 0;
		};
		812FFDD91AA9C9420001373A /* Resources */ = {
			isa = PBXResourcesBuildPhase;
			buildActionMask = 2147483647;
			files = (
			);
			runOnlyForDeploymentPostprocessing = 0;
		};
/* End PBXResourcesBuildPhase section */

/* Begin PBXSourcesBuildPhase section */
		812FFDBE1AA9C9420001373A /* Sources */ = {
			isa = PBXSourcesBuildPhase;
			buildActionMask = 2147483647;
			files = (
				812FFE101AA9D18A0001373A /* APPGTool.m in Sources */,
				9BBC13031AB1C19D00B42C5D /* ZuProduct.m in Sources */,
				812FFDFF1AA9C9EF0001373A /* AFHTTPRequestOperation.m in Sources */,
				D29F27011AB1D879004C8536 /* TEDConfirmVC.m in Sources */,
				9FAA2FEE1AB1B8690017BC16 /* TEDVC2.m in Sources */,
				3F11198F1AB029BF00FF1FC6 /* AboutHomeVC.m in Sources */,
				812FFDCE1AA9C9420001373A /* ViewController.m in Sources */,
				812FFE001AA9C9EF0001373A /* AFHTTPRequestOperationManager.m in Sources */,
				812FFE021AA9C9EF0001373A /* AFNetworkReachabilityManager.m in Sources */,
				812FFE241AA9E5F10001373A /* TEDVC1.m in Sources */,
				816490241AAF1A1800F8DD6B /* AttenteVC.m in Sources */,
				812FFE061AA9C9EF0001373A /* AFURLResponseSerialization.m in Sources */,
				812FFE041AA9C9EF0001373A /* AFURLConnectionOperation.m in Sources */,
				812FFE031AA9C9EF0001373A /* AFSecurityPolicy.m in Sources */,
				812FFE011AA9C9EF0001373A /* AFHTTPSessionManager.m in Sources */,
				9BBC134F1AB3056A00B42C5D /* zuProductDetail.m in Sources */,
				812FFE051AA9C9EF0001373A /* AFURLRequestSerialization.m in Sources */,
				81CFB8771AAF1399000A9C7F /* JukunProducts.m in Sources */,
				812FFE0A1AA9CCFE0001373A /* AboutMeVC.m in Sources */,
				812FFE071AA9C9EF0001373A /* AFURLSessionManager.m in Sources */,
				812FFDCB1AA9C9420001373A /* AppDelegate.m in Sources */,
				812FFDC81AA9C9420001373A /* main.m in Sources */,
				D29F27051AB1DA2B004C8536 /* DetailVC.m in Sources */,
				D29F26FA1AB1BA8D004C8536 /* sky07290921VC.m in Sources */,
			);
			runOnlyForDeploymentPostprocessing = 0;
		};
		812FFDD71AA9C9420001373A /* Sources */ = {
			isa = PBXSourcesBuildPhase;
			buildActionMask = 2147483647;
			files = (
				812FFDE21AA9C9420001373A /* advappfinalTests.m in Sources */,
			);
			runOnlyForDeploymentPostprocessing = 0;
		};
/* End PBXSourcesBuildPhase section */

/* Begin PBXTargetDependency section */
		812FFDDD1AA9C9420001373A /* PBXTargetDependency */ = {
			isa = PBXTargetDependency;
			target = 812FFDC11AA9C9420001373A /* advappfinal */;
			targetProxy = 812FFDDC1AA9C9420001373A /* PBXContainerItemProxy */;
		};
/* End PBXTargetDependency section */

/* Begin PBXVariantGroup section */
		812FFDCF1AA9C9420001373A /* Main.storyboard */ = {
			isa = PBXVariantGroup;
			children = (
				812FFDD01AA9C9420001373A /* Base */,
			);
			name = Main.storyboard;
			sourceTree = "<group>";
		};
		812FFDD41AA9C9420001373A /* LaunchScreen.xib */ = {
			isa = PBXVariantGroup;
			children = (
				812FFDD51AA9C9420001373A /* Base */,
			);
			name = LaunchScreen.xib;
			sourceTree = "<group>";
		};
/* End PBXVariantGroup section */

/* Begin XCBuildConfiguration section */
		812FFDE31AA9C9420001373A /* Debug */ = {
			isa = XCBuildConfiguration;
			buildSettings = {
				ALWAYS_SEARCH_USER_PATHS = NO;
				CLANG_CXX_LANGUAGE_STANDARD = "gnu++0x";
				CLANG_CXX_LIBRARY = "libc++";
				CLANG_ENABLE_MODULES = YES;
				CLANG_ENABLE_OBJC_ARC = YES;
				CLANG_WARN_BOOL_CONVERSION = YES;
				CLANG_WARN_CONSTANT_CONVERSION = YES;
				CLANG_WARN_DIRECT_OBJC_ISA_USAGE = YES_ERROR;
				CLANG_WARN_EMPTY_BODY = YES;
				CLANG_WARN_ENUM_CONVERSION = YES;
				CLANG_WARN_INT_CONVERSION = YES;
				CLANG_WARN_OBJC_ROOT_CLASS = YES_ERROR;
				CLANG_WARN_UNREACHABLE_CODE = YES;
				CLANG_WARN__DUPLICATE_METHOD_MATCH = YES;
				"CODE_SIGN_IDENTITY[sdk=iphoneos*]" = "iPhone Developer";
				COPY_PHASE_STRIP = NO;
				ENABLE_STRICT_OBJC_MSGSEND = YES;
				GCC_C_LANGUAGE_STANDARD = gnu99;
				GCC_DYNAMIC_NO_PIC = NO;
				GCC_OPTIMIZATION_LEVEL = 0;
				GCC_PREPROCESSOR_DEFINITIONS = (
					"DEBUG=1",
					"$(inherited)",
				);
				GCC_SYMBOLS_PRIVATE_EXTERN = NO;
				GCC_WARN_64_TO_32_BIT_CONVERSION = YES;
				GCC_WARN_ABOUT_RETURN_TYPE = YES_ERROR;
				GCC_WARN_UNDECLARED_SELECTOR = YES;
				GCC_WARN_UNINITIALIZED_AUTOS = YES_AGGRESSIVE;
				GCC_WARN_UNUSED_FUNCTION = YES;
				GCC_WARN_UNUSED_VARIABLE = YES;
				IPHONEOS_DEPLOYMENT_TARGET = 8.1;
				MTL_ENABLE_DEBUG_INFO = YES;
				ONLY_ACTIVE_ARCH = YES;
				SDKROOT = iphoneos;
			};
			name = Debug;
		};
		812FFDE41AA9C9420001373A /* Release */ = {
			isa = XCBuildConfiguration;
			buildSettings = {
				ALWAYS_SEARCH_USER_PATHS = NO;
				CLANG_CXX_LANGUAGE_STANDARD = "gnu++0x";
				CLANG_CXX_LIBRARY = "libc++";
				CLANG_ENABLE_MODULES = YES;
				CLANG_ENABLE_OBJC_ARC = YES;
				CLANG_WARN_BOOL_CONVERSION = YES;
				CLANG_WARN_CONSTANT_CONVERSION = YES;
				CLANG_WARN_DIRECT_OBJC_ISA_USAGE = YES_ERROR;
				CLANG_WARN_EMPTY_BODY = YES;
				CLANG_WARN_ENUM_CONVERSION = YES;
				CLANG_WARN_INT_CONVERSION = YES;
				CLANG_WARN_OBJC_ROOT_CLASS = YES_ERROR;
				CLANG_WARN_UNREACHABLE_CODE = YES;
				CLANG_WARN__DUPLICATE_METHOD_MATCH = YES;
				"CODE_SIGN_IDENTITY[sdk=iphoneos*]" = "iPhone Developer";
				COPY_PHASE_STRIP = YES;
				ENABLE_NS_ASSERTIONS = NO;
				ENABLE_STRICT_OBJC_MSGSEND = YES;
				GCC_C_LANGUAGE_STANDARD = gnu99;
				GCC_WARN_64_TO_32_BIT_CONVERSION = YES;
				GCC_WARN_ABOUT_RETURN_TYPE = YES_ERROR;
				GCC_WARN_UNDECLARED_SELECTOR = YES;
				GCC_WARN_UNINITIALIZED_AUTOS = YES_AGGRESSIVE;
				GCC_WARN_UNUSED_FUNCTION = YES;
				GCC_WARN_UNUSED_VARIABLE = YES;
				IPHONEOS_DEPLOYMENT_TARGET = 8.1;
				MTL_ENABLE_DEBUG_INFO = NO;
				SDKROOT = iphoneos;
				VALIDATE_PRODUCT = YES;
			};
			name = Release;
		};
		812FFDE61AA9C9420001373A /* Debug */ = {
			isa = XCBuildConfiguration;
			buildSettings = {
				ASSETCATALOG_COMPILER_APPICON_NAME = AppIcon;
				CODE_SIGN_IDENTITY = "iPhone Developer";
				INFOPLIST_FILE = advappfinal/Info.plist;
				IPHONEOS_DEPLOYMENT_TARGET = 6.1;
				LD_RUNPATH_SEARCH_PATHS = "$(inherited) @executable_path/Frameworks";
				PRODUCT_NAME = "$(TARGET_NAME)";
			};
			name = Debug;
		};
		812FFDE71AA9C9420001373A /* Release */ = {
			isa = XCBuildConfiguration;
			buildSettings = {
				ASSETCATALOG_COMPILER_APPICON_NAME = AppIcon;
				CODE_SIGN_IDENTITY = "iPhone Developer";
				INFOPLIST_FILE = advappfinal/Info.plist;
				IPHONEOS_DEPLOYMENT_TARGET = 6.1;
				LD_RUNPATH_SEARCH_PATHS = "$(inherited) @executable_path/Frameworks";
				PRODUCT_NAME = "$(TARGET_NAME)";
			};
			name = Release;
		};
		812FFDE91AA9C9420001373A /* Debug */ = {
			isa = XCBuildConfiguration;
			buildSettings = {
				BUNDLE_LOADER = "$(TEST_HOST)";
				FRAMEWORK_SEARCH_PATHS = (
					"$(SDKROOT)/Developer/Library/Frameworks",
					"$(inherited)",
				);
				GCC_PREPROCESSOR_DEFINITIONS = (
					"DEBUG=1",
					"$(inherited)",
				);
				INFOPLIST_FILE = advappfinalTests/Info.plist;
				LD_RUNPATH_SEARCH_PATHS = "$(inherited) @executable_path/Frameworks @loader_path/Frameworks";
				PRODUCT_NAME = "$(TARGET_NAME)";
				TEST_HOST = "$(BUILT_PRODUCTS_DIR)/advappfinal.app/advappfinal";
			};
			name = Debug;
		};
		812FFDEA1AA9C9420001373A /* Release */ = {
			isa = XCBuildConfiguration;
			buildSettings = {
				BUNDLE_LOADER = "$(TEST_HOST)";
				FRAMEWORK_SEARCH_PATHS = (
					"$(SDKROOT)/Developer/Library/Frameworks",
					"$(inherited)",
				);
				INFOPLIST_FILE = advappfinalTests/Info.plist;
				LD_RUNPATH_SEARCH_PATHS = "$(inherited) @executable_path/Frameworks @loader_path/Frameworks";
				PRODUCT_NAME = "$(TARGET_NAME)";
				TEST_HOST = "$(BUILT_PRODUCTS_DIR)/advappfinal.app/advappfinal";
			};
			name = Release;
		};
/* End XCBuildConfiguration section */

/* Begin XCConfigurationList section */
		812FFDBD1AA9C9420001373A /* Build configuration list for PBXProject "advappfinal" */ = {
			isa = XCConfigurationList;
			buildConfigurations = (
				812FFDE31AA9C9420001373A /* Debug */,
				812FFDE41AA9C9420001373A /* Release */,
			);
			defaultConfigurationIsVisible = 0;
			defaultConfigurationName = Release;
		};
		812FFDE51AA9C9420001373A /* Build configuration list for PBXNativeTarget "advappfinal" */ = {
			isa = XCConfigurationList;
			buildConfigurations = (
				812FFDE61AA9C9420001373A /* Debug */,
				812FFDE71AA9C9420001373A /* Release */,
			);
			defaultConfigurationIsVisible = 0;
			defaultConfigurationName = Release;
		};
		812FFDE81AA9C9420001373A /* Build configuration list for PBXNativeTarget "advappfinalTests" */ = {
			isa = XCConfigurationList;
			buildConfigurations = (
				812FFDE91AA9C9420001373A /* Debug */,
				812FFDEA1AA9C9420001373A /* Release */,
			);
			defaultConfigurationIsVisible = 0;
			defaultConfigurationName = Release;
		};
/* End XCConfigurationList section */
	};
	rootObject = 812FFDBA1AA9C9420001373A /* Project object */;
}
